// !$*UTF8*$!
{
	archiveVersion = 1;
	classes = {
	};
	objectVersion = 51;
	objects = {

/* Begin PBXBuildFile section */
		5A09B1C822E4BEA10019554F /* AppDelegate.swift in Sources */ = {isa = PBXBuildFile; fileRef = 5A09B1C722E4BEA10019554F /* AppDelegate.swift */; };
		5A09B1CA22E4BEA10019554F /* FeedVC.swift in Sources */ = {isa = PBXBuildFile; fileRef = 5A09B1C922E4BEA10019554F /* FeedVC.swift */; };
		5A09B1CC22E4BEA10019554F /* SignUpVC.swift in Sources */ = {isa = PBXBuildFile; fileRef = 5A09B1CB22E4BEA10019554F /* SignUpVC.swift */; };
		5A09B1CF22E4BEA10019554F /* Main.storyboard in Resources */ = {isa = PBXBuildFile; fileRef = 5A09B1CD22E4BEA10019554F /* Main.storyboard */; };
		5A09B1D122E4BEB50019554F /* Assets.xcassets in Resources */ = {isa = PBXBuildFile; fileRef = 5A09B1D022E4BEB50019554F /* Assets.xcassets */; };
		5A09B1D422E4BEB50019554F /* LaunchScreen.storyboard in Resources */ = {isa = PBXBuildFile; fileRef = 5A09B1D222E4BEB50019554F /* LaunchScreen.storyboard */; };
		5A09B1DC22E4BEF90019554F /* LoginVC.swift in Sources */ = {isa = PBXBuildFile; fileRef = 5A09B1DB22E4BEF90019554F /* LoginVC.swift */; };
		5A09B1DE22E4C0DB0019554F /* GoogleService-Info.plist in Resources */ = {isa = PBXBuildFile; fileRef = 5A09B1DD22E4C0DB0019554F /* GoogleService-Info.plist */; };
		5A57723F22E501540036B322 /* UserHeader.swift in Sources */ = {isa = PBXBuildFile; fileRef = 5A57723E22E501540036B322 /* UserHeader.swift */; };
		5ADDCA1F22E4F03900207D7A /* UserProfileVC.swift in Sources */ = {isa = PBXBuildFile; fileRef = 5ADDCA1E22E4F03900207D7A /* UserProfileVC.swift */; };
		5ADDCA2122E4F0CB00207D7A /* UserProfileCell.swift in Sources */ = {isa = PBXBuildFile; fileRef = 5ADDCA2022E4F0CB00207D7A /* UserProfileCell.swift */; };
		C2189734E8871336AAFE5522 /* Pods_Basic_Timeline_Setup.framework in Frameworks */ = {isa = PBXBuildFile; fileRef = F4EEDBEA100E961809E6928A /* Pods_Basic_Timeline_Setup.framework */; };
/* End PBXBuildFile section */

/* Begin PBXFileReference section */
		453E1C60520599907D74960B /* Pods-Basic Timeline Setup.release.xcconfig */ = {isa = PBXFileReference; includeInIndex = 1; lastKnownFileType = text.xcconfig; name = "Pods-Basic Timeline Setup.release.xcconfig"; path = "Target Support Files/Pods-Basic Timeline Setup/Pods-Basic Timeline Setup.release.xcconfig"; sourceTree = "<group>"; };
		5A09B1C422E4BEA10019554F /* Basic Timeline Setup.app */ = {isa = PBXFileReference; explicitFileType = wrapper.application; includeInIndex = 0; path = "Basic Timeline Setup.app"; sourceTree = BUILT_PRODUCTS_DIR; };
		5A09B1C722E4BEA10019554F /* AppDelegate.swift */ = {isa = PBXFileReference; lastKnownFileType = sourcecode.swift; path = AppDelegate.swift; sourceTree = "<group>"; };
		5A09B1C922E4BEA10019554F /* FeedVC.swift */ = {isa = PBXFileReference; lastKnownFileType = sourcecode.swift; path = FeedVC.swift; sourceTree = "<group>"; };
		5A09B1CB22E4BEA10019554F /* SignUpVC.swift */ = {isa = PBXFileReference; lastKnownFileType = sourcecode.swift; path = SignUpVC.swift; sourceTree = "<group>"; };
		5A09B1CE22E4BEA10019554F /* Base */ = {isa = PBXFileReference; lastKnownFileType = file.storyboard; name = Base; path = Base.lproj/Main.storyboard; sourceTree = "<group>"; };
		5A09B1D022E4BEB50019554F /* Assets.xcassets */ = {isa = PBXFileReference; lastKnownFileType = folder.assetcatalog; path = Assets.xcassets; sourceTree = "<group>"; };
		5A09B1D322E4BEB50019554F /* Base */ = {isa = PBXFileReference; lastKnownFileType = file.storyboard; name = Base; path = Base.lproj/LaunchScreen.storyboard; sourceTree = "<group>"; };
		5A09B1D522E4BEB50019554F /* Info.plist */ = {isa = PBXFileReference; lastKnownFileType = text.plist.xml; path = Info.plist; sourceTree = "<group>"; };
		5A09B1DB22E4BEF90019554F /* LoginVC.swift */ = {isa = PBXFileReference; lastKnownFileType = sourcecode.swift; path = LoginVC.swift; sourceTree = "<group>"; };
		5A09B1DD22E4C0DB0019554F /* GoogleService-Info.plist */ = {isa = PBXFileReference; fileEncoding = 4; lastKnownFileType = text.plist.xml; path = "GoogleService-Info.plist"; sourceTree = "<group>"; };
		5A57723E22E501540036B322 /* UserHeader.swift */ = {isa = PBXFileReference; lastKnownFileType = sourcecode.swift; name = UserHeader.swift; path = "../../../../../../System/Volumes/Data/Users/di_nerd/Documents/Practice/Basic Timeline Setup/Basic Timeline Setup/UserHeader.swift"; sourceTree = "<group>"; };
		5ADDCA1E22E4F03900207D7A /* UserProfileVC.swift */ = {isa = PBXFileReference; lastKnownFileType = sourcecode.swift; name = UserProfileVC.swift; path = "../../../../../../System/Volumes/Data/Users/di_nerd/Documents/Practice/Basic Timeline Setup/Basic Timeline Setup/UserProfileVC.swift"; sourceTree = "<group>"; };
		5ADDCA2022E4F0CB00207D7A /* UserProfileCell.swift */ = {isa = PBXFileReference; lastKnownFileType = sourcecode.swift; name = UserProfileCell.swift; path = "../../../../../../System/Volumes/Data/Users/di_nerd/Documents/Practice/Basic Timeline Setup/Basic Timeline Setup/UserProfileCell.swift"; sourceTree = "<group>"; };
		65D81135EEC44DDA32B23D6E /* Pods-Basic Timeline Setup.debug.xcconfig */ = {isa = PBXFileReference; includeInIndex = 1; lastKnownFileType = text.xcconfig; name = "Pods-Basic Timeline Setup.debug.xcconfig"; path = "Target Support Files/Pods-Basic Timeline Setup/Pods-Basic Timeline Setup.debug.xcconfig"; sourceTree = "<group>"; };
		F4EEDBEA100E961809E6928A /* Pods_Basic_Timeline_Setup.framework */ = {isa = PBXFileReference; explicitFileType = wrapper.framework; includeInIndex = 0; path = Pods_Basic_Timeline_Setup.framework; sourceTree = BUILT_PRODUCTS_DIR; };
/* End PBXFileReference section */

/* Begin PBXFrameworksBuildPhase section */
		5A09B1C122E4BEA10019554F /* Frameworks */ = {
			isa = PBXFrameworksBuildPhase;
			buildActionMask = 2147483647;
			files = (
				C2189734E8871336AAFE5522 /* Pods_Basic_Timeline_Setup.framework in Frameworks */,
			);
			runOnlyForDeploymentPostprocessing = 0;
		};
/* End PBXFrameworksBuildPhase section */

/* Begin PBXGroup section */
		1EDCA0769A85253BF06DB82B /* Frameworks */ = {
			isa = PBXGroup;
			children = (
				F4EEDBEA100E961809E6928A /* Pods_Basic_Timeline_Setup.framework */,
			);
			name = Frameworks;
			sourceTree = "<group>";
		};
		5A09B1BB22E4BEA10019554F = {
			isa = PBXGroup;
			children = (
				5A09B1C622E4BEA10019554F /* Basic Timeline Setup */,
				5A09B1C522E4BEA10019554F /* Products */,
				BE33353068733B722AA5C102 /* Pods */,
				1EDCA0769A85253BF06DB82B /* Frameworks */,
			);
			sourceTree = "<group>";
		};
		5A09B1C522E4BEA10019554F /* Products */ = {
			isa = PBXGroup;
			children = (
				5A09B1C422E4BEA10019554F /* Basic Timeline Setup.app */,
			);
			name = Products;
			sourceTree = "<group>";
		};
		5A09B1C622E4BEA10019554F /* Basic Timeline Setup */ = {
			isa = PBXGroup;
			children = (
				5A09B1C722E4BEA10019554F /* AppDelegate.swift */,
				5A09B1CB22E4BEA10019554F /* SignUpVC.swift */,
				5A09B1DB22E4BEF90019554F /* LoginVC.swift */,
				5ADDCA1E22E4F03900207D7A /* UserProfileVC.swift */,
				5ADDCA2022E4F0CB00207D7A /* UserProfileCell.swift */,
				5A57723E22E501540036B322 /* UserHeader.swift */,
				5A09B1C922E4BEA10019554F /* FeedVC.swift */,
				5A09B1CD22E4BEA10019554F /* Main.storyboard */,
				5A09B1D022E4BEB50019554F /* Assets.xcassets */,
				5A09B1D222E4BEB50019554F /* LaunchScreen.storyboard */,
				5A09B1D522E4BEB50019554F /* Info.plist */,
				5A09B1DD22E4C0DB0019554F /* GoogleService-Info.plist */,
			);
			path = "Basic Timeline Setup";
			sourceTree = "<group>";
		};
		BE33353068733B722AA5C102 /* Pods */ = {
			isa = PBXGroup;
			children = (
				65D81135EEC44DDA32B23D6E /* Pods-Basic Timeline Setup.debug.xcconfig */,
				453E1C60520599907D74960B /* Pods-Basic Timeline Setup.release.xcconfig */,
			);
			path = Pods;
			sourceTree = "<group>";
		};
/* End PBXGroup section */

/* Begin PBXNativeTarget section */
		5A09B1C322E4BEA10019554F /* Basic Timeline Setup */ = {
			isa = PBXNativeTarget;
			buildConfigurationList = 5A09B1D822E4BEB50019554F /* Build configuration list for PBXNativeTarget "Basic Timeline Setup" */;
			buildPhases = (
				B66F876600641A7DAAF98447 /* [CP] Check Pods Manifest.lock */,
				5A09B1C022E4BEA10019554F /* Sources */,
				5A09B1C122E4BEA10019554F /* Frameworks */,
				5A09B1C222E4BEA10019554F /* Resources */,
				110549712C94AD15868DBC09 /* [CP] Embed Pods Frameworks */,
			);
			buildRules = (
			);
			dependencies = (
			);
			name = "Basic Timeline Setup";
			productName = "Basic Timeline Setup";
			productReference = 5A09B1C422E4BEA10019554F /* Basic Timeline Setup.app */;
			productType = "com.apple.product-type.application";
		};
/* End PBXNativeTarget section */

/* Begin PBXProject section */
		5A09B1BC22E4BEA10019554F /* Project object */ = {
			isa = PBXProject;
			attributes = {
				LastSwiftUpdateCheck = 1020;
				LastUpgradeCheck = 1020;
				ORGANIZATIONNAME = Di_Nerd;
				TargetAttributes = {
					5A09B1C322E4BEA10019554F = {
						CreatedOnToolsVersion = 10.2.1;
					};
				};
			};
			buildConfigurationList = 5A09B1BF22E4BEA10019554F /* Build configuration list for PBXProject "Basic Timeline Setup" */;
			compatibilityVersion = "Xcode 9.3";
			developmentRegion = en;
			hasScannedForEncodings = 0;
			knownRegions = (
				en,
				Base,
			);
			mainGroup = 5A09B1BB22E4BEA10019554F;
			productRefGroup = 5A09B1C522E4BEA10019554F /* Products */;
			projectDirPath = "";
			projectRoot = "";
			targets = (
				5A09B1C322E4BEA10019554F /* Basic Timeline Setup */,
			);
		};
/* End PBXProject section */

/* Begin PBXResourcesBuildPhase section */
		5A09B1C222E4BEA10019554F /* Resources */ = {
			isa = PBXResourcesBuildPhase;
			buildActionMask = 2147483647;
			files = (
				5A09B1D422E4BEB50019554F /* LaunchScreen.storyboard in Resources */,
				5A09B1DE22E4C0DB0019554F /* GoogleService-Info.plist in Resources */,
				5A09B1D122E4BEB50019554F /* Assets.xcassets in Resources */,
				5A09B1CF22E4BEA10019554F /* Main.storyboard in Resources */,
			);
			runOnlyForDeploymentPostprocessing = 0;
		};
/* End PBXResourcesBuildPhase section */

/* Begin PBXShellScriptBuildPhase section */
		110549712C94AD15868DBC09 /* [CP] Embed Pods Frameworks */ = {
			isa = PBXShellScriptBuildPhase;
			buildActionMask = 2147483647;
			files = (
			);
			inputFileListPaths = (
				"${PODS_ROOT}/Target Support Files/Pods-Basic Timeline Setup/Pods-Basic Timeline Setup-frameworks-${CONFIGURATION}-input-files.xcfilelist",
			);
			name = "[CP] Embed Pods Frameworks";
			outputFileListPaths = (
				"${PODS_ROOT}/Target Support Files/Pods-Basic Timeline Setup/Pods-Basic Timeline Setup-frameworks-${CONFIGURATION}-output-files.xcfilelist",
			);
			runOnlyForDeploymentPostprocessing = 0;
			shellPath = /bin/sh;
			shellScript = "\"${PODS_ROOT}/Target Support Files/Pods-Basic Timeline Setup/Pods-Basic Timeline Setup-frameworks.sh\"\n";
			showEnvVarsInLog = 0;
		};
		B66F876600641A7DAAF98447 /* [CP] Check Pods Manifest.lock */ = {
			isa = PBXShellScriptBuildPhase;
			buildActionMask = 2147483647;
			files = (
			);
			inputFileListPaths = (
			);
			inputPaths = (
				"${PODS_PODFILE_DIR_PATH}/Podfile.lock",
				"${PODS_ROOT}/Manifest.lock",
			);
			name = "[CP] Check Pods Manifest.lock";
			outputFileListPaths = (
			);
			outputPaths = (
				"$(DERIVED_FILE_DIR)/Pods-Basic Timeline Setup-checkManifestLockResult.txt",
			);
			runOnlyForDeploymentPostprocessing = 0;
			shellPath = /bin/sh;
			shellScript = "diff \"${PODS_PODFILE_DIR_PATH}/Podfile.lock\" \"${PODS_ROOT}/Manifest.lock\" > /dev/null\nif [ $? != 0 ] ; then\n    # print error to STDERR\n    echo \"error: The sandbox is not in sync with the Podfile.lock. Run 'pod install' or update your CocoaPods installation.\" >&2\n    exit 1\nfi\n# This output is used by Xcode 'outputs' to avoid re-running this script phase.\necho \"SUCCESS\" > \"${SCRIPT_OUTPUT_FILE_0}\"\n";
			showEnvVarsInLog = 0;
		};
/* End PBXShellScriptBuildPhase section */

/* Begin PBXSourcesBuildPhase section */
		5A09B1C022E4BEA10019554F /* Sources */ = {
			isa = PBXSourcesBuildPhase;
			buildActionMask = 2147483647;
			files = (
				5A09B1CC22E4BEA10019554F /* SignUpVC.swift in Sources */,
				5A09B1C822E4BEA10019554F /* AppDelegate.swift in Sources */,
				5A09B1DC22E4BEF90019554F /* LoginVC.swift in Sources */,
				5ADDCA1F22E4F03900207D7A /* UserProfileVC.swift in Sources */,
				5ADDCA2122E4F0CB00207D7A /* UserProfileCell.swift in Sources */,
				5A09B1CA22E4BEA10019554F /* FeedVC.swift in Sources */,
				5A57723F22E501540036B322 /* UserHeader.swift in Sources */,
			);
			runOnlyForDeploymentPostprocessing = 0;
		};
/* End PBXSourcesBuildPhase section */

/* Begin PBXVariantGroup section */
		5A09B1CD22E4BEA10019554F /* Main.storyboard */ = {
			isa = PBXVariantGroup;
			children = (
				5A09B1CE22E4BEA10019554F /* Base */,
			);
			name = Main.storyboard;
			sourceTree = "<group>";
		};
		5A09B1D222E4BEB50019554F /* LaunchScreen.storyboard */ = {
			isa = PBXVariantGroup;
			children = (
				5A09B1D322E4BEB50019554F /* Base */,
			);
			name = LaunchScreen.storyboard;
			sourceTree = "<group>";
		};
/* End PBXVariantGroup section */

/* Begin XCBuildConfiguration section */
		5A09B1D622E4BEB50019554F /* Debug */ = {
			isa = XCBuildConfiguration;
			buildSettings = {
				ALWAYS_SEARCH_USER_PATHS = NO;
				CLANG_ANALYZER_NONNULL = YES;
				CLANG_ANALYZER_NUMBER_OBJECT_CONVERSION = YES_AGGRESSIVE;
				CLANG_CXX_LANGUAGE_STANDARD = "gnu++14";
				CLANG_CXX_LIBRARY = "libc++";
				CLANG_ENABLE_MODULES = YES;
				CLANG_ENABLE_OBJC_ARC = YES;
				CLANG_ENABLE_OBJC_WEAK = YES;
				CLANG_WARN_BLOCK_CAPTURE_AUTORELEASING = YES;
				CLANG_WARN_BOOL_CONVERSION = YES;
				CLANG_WARN_COMMA = YES;
				CLANG_WARN_CONSTANT_CONVERSION = YES;
				CLANG_WARN_DEPRECATED_OBJC_IMPLEMENTATIONS = YES;
				CLANG_WARN_DIRECT_OBJC_ISA_USAGE = YES_ERROR;
				CLANG_WARN_DOCUMENTATION_COMMENTS = YES;
				CLANG_WARN_EMPTY_BODY = YES;
				CLANG_WARN_ENUM_CONVERSION = YES;
				CLANG_WARN_INFINITE_RECURSION = YES;
				CLANG_WARN_INT_CONVERSION = YES;
				CLANG_WARN_NON_LITERAL_NULL_CONVERSION = YES;
				CLANG_WARN_OBJC_IMPLICIT_RETAIN_SELF = YES;
				CLANG_WARN_OBJC_LITERAL_CONVERSION = YES;
				CLANG_WARN_OBJC_ROOT_CLASS = YES_ERROR;
				CLANG_WARN_RANGE_LOOP_ANALYSIS = YES;
				CLANG_WARN_STRICT_PROTOTYPES = YES;
				CLANG_WARN_SUSPICIOUS_MOVE = YES;
				CLANG_WARN_UNGUARDED_AVAILABILITY = YES_AGGRESSIVE;
				CLANG_WARN_UNREACHABLE_CODE = YES;
				CLANG_WARN__DUPLICATE_METHOD_MATCH = YES;
				CODE_SIGN_IDENTITY = "iPhone Developer";
				COPY_PHASE_STRIP = NO;
				DEBUG_INFORMATION_FORMAT = dwarf;
				ENABLE_STRICT_OBJC_MSGSEND = YES;
				ENABLE_TESTABILITY = YES;
				GCC_C_LANGUAGE_STANDARD = gnu11;
				GCC_DYNAMIC_NO_PIC = NO;
				GCC_NO_COMMON_BLOCKS = YES;
				GCC_OPTIMIZATION_LEVEL = 0;
				GCC_PREPROCESSOR_DEFINITIONS = (
					"DEBUG=1",
					"$(inherited)",
				);
				GCC_WARN_64_TO_32_BIT_CONVERSION = YES;
				GCC_WARN_ABOUT_RETURN_TYPE = YES_ERROR;
				GCC_WARN_UNDECLARED_SELECTOR = YES;
				GCC_WARN_UNINITIALIZED_AUTOS = YES_AGGRESSIVE;
				GCC_WARN_UNUSED_FUNCTION = YES;
				GCC_WARN_UNUSED_VARIABLE = YES;
				IPHONEOS_DEPLOYMENT_TARGET = 12.2;
				MTL_ENABLE_DEBUG_INFO = INCLUDE_SOURCE;
				MTL_FAST_MATH = YES;
				ONLY_ACTIVE_ARCH = YES;
				SDKROOT = iphoneos;
				SWIFT_ACTIVE_COMPILATION_CONDITIONS = DEBUG;
				SWIFT_OPTIMIZATION_LEVEL = "-Onone";
			};
			name = Debug;
		};
		5A09B1D722E4BEB50019554F /* Release */ = {
			isa = XCBuildConfiguration;
			buildSettings = {
				ALWAYS_SEARCH_USER_PATHS = NO;
				CLANG_ANALYZER_NONNULL = YES;
				CLANG_ANALYZER_NUMBER_OBJECT_CONVERSION = YES_AGGRESSIVE;
				CLANG_CXX_LANGUAGE_STANDARD = "gnu++14";
				CLANG_CXX_LIBRARY = "libc++";
				CLANG_ENABLE_MODULES = YES;
				CLANG_ENABLE_OBJC_ARC = YES;
				CLANG_ENABLE_OBJC_WEAK = YES;
				CLANG_WARN_BLOCK_CAPTURE_AUTORELEASING = YES;
				CLANG_WARN_BOOL_CONVERSION = YES;
				CLANG_WARN_COMMA = YES;
				CLANG_WARN_CONSTANT_CONVERSION = YES;
				CLANG_WARN_DEPRECATED_OBJC_IMPLEMENTATIONS = YES;
				CLANG_WARN_DIRECT_OBJC_ISA_USAGE = YES_ERROR;
				CLANG_WARN_DOCUMENTATION_COMMENTS = YES;
				CLANG_WARN_EMPTY_BODY = YES;
				CLANG_WARN_ENUM_CONVERSION = YES;
				CLANG_WARN_INFINITE_RECURSION = YES;
				CLANG_WARN_INT_CONVERSION = YES;
				CLANG_WARN_NON_LITERAL_NULL_CONVERSION = YES;
				CLANG_WARN_OBJC_IMPLICIT_RETAIN_SELF = YES;
				CLANG_WARN_OBJC_LITERAL_CONVERSION = YES;
				CLANG_WARN_OBJC_ROOT_CLASS = YES_ERROR;
				CLANG_WARN_RANGE_LOOP_ANALYSIS = YES;
				CLANG_WARN_STRICT_PROTOTYPES = YES;
				CLANG_WARN_SUSPICIOUS_MOVE = YES;
				CLANG_WARN_UNGUARDED_AVAILABILITY = YES_AGGRESSIVE;
				CLANG_WARN_UNREACHABLE_CODE = YES;
				CLANG_WARN__DUPLICATE_METHOD_MATCH = YES;
				CODE_SIGN_IDENTITY = "iPhone Developer";
				COPY_PHASE_STRIP = NO;
				DEBUG_INFORMATION_FORMAT = "dwarf-with-dsym";
				ENABLE_NS_ASSERTIONS = NO;
				ENABLE_STRICT_OBJC_MSGSEND = YES;
				GCC_C_LANGUAGE_STANDARD = gnu11;
				GCC_NO_COMMON_BLOCKS = YES;
				GCC_WARN_64_TO_32_BIT_CONVERSION = YES;
				GCC_WARN_ABOUT_RETURN_TYPE = YES_ERROR;
				GCC_WARN_UNDECLARED_SELECTOR = YES;
				GCC_WARN_UNINITIALIZED_AUTOS = YES_AGGRESSIVE;
				GCC_WARN_UNUSED_FUNCTION = YES;
				GCC_WARN_UNUSED_VARIABLE = YES;
				IPHONEOS_DEPLOYMENT_TARGET = 12.2;
				MTL_ENABLE_DEBUG_INFO = NO;
				MTL_FAST_MATH = YES;
				SDKROOT = iphoneos;
				SWIFT_COMPILATION_MODE = wholemodule;
				SWIFT_OPTIMIZATION_LEVEL = "-O";
				VALIDATE_PRODUCT = YES;
			};
			name = Release;
		};
		5A09B1D922E4BEB50019554F /* Debug */ = {
			isa = XCBuildConfiguration;
			baseConfigurationReference = 65D81135EEC44DDA32B23D6E /* Pods-Basic Timeline Setup.debug.xcconfig */;
			buildSettings = {
				ASSETCATALOG_COMPILER_APPICON_NAME = AppIcon;
				CODE_SIGN_STYLE = Automatic;
				DEVELOPMENT_TEAM = 94P3QHPXMV;
				INFOPLIST_FILE = "Basic Timeline Setup/Info.plist";
				LD_RUNPATH_SEARCH_PATHS = (
					"$(inherited)",
					"@executable_path/Frameworks",
				);
				PRODUCT_BUNDLE_IDENTIFIER = "com.Chad-MichaelMuirhead.Basic-Timeline-Setup";
				PRODUCT_NAME = "$(TARGET_NAME)";
				SWIFT_VERSION = 5.0;
				TARGETED_DEVICE_FAMILY = "1,2";
			};
			name = Debug;
		};
		5A09B1DA22E4BEB50019554F /* Release */ = {
			isa = XCBuildConfiguration;
			baseConfigurationReference = 453E1C60520599907D74960B /* Pods-Basic Timeline Setup.release.xcconfig */;
			buildSettings = {
				ASSETCATALOG_COMPILER_APPICON_NAME = AppIcon;
				CODE_SIGN_STYLE = Automatic;
				DEVELOPMENT_TEAM = 94P3QHPXMV;
				INFOPLIST_FILE = "Basic Timeline Setup/Info.plist";
				LD_RUNPATH_SEARCH_PATHS = (
					"$(inherited)",
					"@executable_path/Frameworks",
				);
				PRODUCT_BUNDLE_IDENTIFIER = "com.Chad-MichaelMuirhead.Basic-Timeline-Setup";
				PRODUCT_NAME = "$(TARGET_NAME)";
				SWIFT_VERSION = 5.0;
				TARGETED_DEVICE_FAMILY = "1,2";
			};
			name = Release;
		};
/* End XCBuildConfiguration section */

/* Begin XCConfigurationList section */
		5A09B1BF22E4BEA10019554F /* Build configuration list for PBXProject "Basic Timeline Setup" */ = {
			isa = XCConfigurationList;
			buildConfigurations = (
				5A09B1D622E4BEB50019554F /* Debug */,
				5A09B1D722E4BEB50019554F /* Release */,
			);
			defaultConfigurationIsVisible = 0;
			defaultConfigurationName = Release;
		};
		5A09B1D822E4BEB50019554F /* Build configuration list for PBXNativeTarget "Basic Timeline Setup" */ = {
			isa = XCConfigurationList;
			buildConfigurations = (
				5A09B1D922E4BEB50019554F /* Debug */,
				5A09B1DA22E4BEB50019554F /* Release */,
			);
			defaultConfigurationIsVisible = 0;
			defaultConfigurationName = Release;
		};
/* End XCConfigurationList section */
	};
	rootObject = 5A09B1BC22E4BEA10019554F /* Project object */;
}
